
Microsoft Visual Studio Solution File, Format Version 12.00
# Visual Studio Version 16
VisualStudioVersion = 16.0.32002.261
MinimumVisualStudioVersion = 10.0.40219.1
Project("{FAE04EC0-301F-11D3-BF4B-00C04F79EFBC}") = "SegundoPost", "SegundoPost.csproj", "{77E82900-2027-44CD-B1E2-74AD427C65DA}"
EndProject
Global
	GlobalSection(SolutionConfigurationPlatforms) = preSolution
		Debug|Any CPU = Debug|Any CPU
		Release|Any CPU = Release|Any CPU
	EndGlobalSection
	GlobalSection(ProjectConfigurationPlatforms) = postSolution
		{77E82900-2027-44CD-B1E2-74AD427C65DA}.Debug|Any CPU.ActiveCfg = Debug|Any CPU
		{77E82900-2027-44CD-B1E2-74AD427C65DA}.Debug|Any CPU.Build.0 = Debug|Any CPU
		{77E82900-2027-44CD-B1E2-74AD427C65DA}.Release|Any CPU.ActiveCfg = Release|Any CPU
		{77E82900-2027-44CD-B1E2-74AD427C65DA}.Release|Any CPU.Build.0 = Release|Any CPU
	EndGlobalSection
	GlobalSection(SolutionProperties) = preSolution
		HideSolutionNode = FALSE
	EndGlobalSection
	GlobalSection(ExtensibilityGlobals) = postSolution
		SolutionGuid = {FD1D93D4-B87A-4D09-89BA-D35E43380D8F}
	EndGlobalSection
EndGlobal
